// !$*UTF8*$!
{
	archiveVersion = 1;
	classes = {
	};
	objectVersion = 50;
	objects = {

/* Begin PBXBuildFile section */
		E7D24219263915F600AF8559 /* SDMiSaeng.ttf in Resources */ = {isa = PBXBuildFile; fileRef = E7D24218263915F100AF8559 /* SDMiSaeng.ttf */; };
		E7F3A59C26384EE500BCEC44 /* AppDelegate.swift in Sources */ = {isa = PBXBuildFile; fileRef = E7F3A59B26384EE500BCEC44 /* AppDelegate.swift */; };
		E7F3A59E26384EE500BCEC44 /* SceneDelegate.swift in Sources */ = {isa = PBXBuildFile; fileRef = E7F3A59D26384EE500BCEC44 /* SceneDelegate.swift */; };
		E7F3A5A026384EE500BCEC44 /* ViewController.swift in Sources */ = {isa = PBXBuildFile; fileRef = E7F3A59F26384EE500BCEC44 /* ViewController.swift */; };
		E7F3A5A326384EE500BCEC44 /* Main.storyboard in Resources */ = {isa = PBXBuildFile; fileRef = E7F3A5A126384EE500BCEC44 /* Main.storyboard */; };
		E7F3A5A526384EE600BCEC44 /* Assets.xcassets in Resources */ = {isa = PBXBuildFile; fileRef = E7F3A5A426384EE600BCEC44 /* Assets.xcassets */; };
		E7F3A5A826384EE600BCEC44 /* LaunchScreen.storyboard in Resources */ = {isa = PBXBuildFile; fileRef = E7F3A5A626384EE600BCEC44 /* LaunchScreen.storyboard */; };
		E7F3A5B1263861A800BCEC44 /* ReadViewController.swift in Sources */ = {isa = PBXBuildFile; fileRef = E7F3A5B0263861A800BCEC44 /* ReadViewController.swift */; };
/* End PBXBuildFile section */

/* Begin PBXFileReference section */
		E7D24218263915F100AF8559 /* SDMiSaeng.ttf */ = {isa = PBXFileReference; lastKnownFileType = file; path = SDMiSaeng.ttf; sourceTree = "<group>"; };
		E7F3A59826384EE500BCEC44 /* Chapter02-InputForm.app */ = {isa = PBXFileReference; explicitFileType = wrapper.application; includeInIndex = 0; path = "Chapter02-InputForm.app"; sourceTree = BUILT_PRODUCTS_DIR; };
		E7F3A59B26384EE500BCEC44 /* AppDelegate.swift */ = {isa = PBXFileReference; lastKnownFileType = sourcecode.swift; path = AppDelegate.swift; sourceTree = "<group>"; };
		E7F3A59D26384EE500BCEC44 /* SceneDelegate.swift */ = {isa = PBXFileReference; lastKnownFileType = sourcecode.swift; path = SceneDelegate.swift; sourceTree = "<group>"; };
		E7F3A59F26384EE500BCEC44 /* ViewController.swift */ = {isa = PBXFileReference; lastKnownFileType = sourcecode.swift; path = ViewController.swift; sourceTree = "<group>"; };
		E7F3A5A226384EE500BCEC44 /* Base */ = {isa = PBXFileReference; lastKnownFileType = file.storyboard; name = Base; path = Base.lproj/Main.storyboard; sourceTree = "<group>"; };
		E7F3A5A426384EE600BCEC44 /* Assets.xcassets */ = {isa = PBXFileReference; lastKnownFileType = folder.assetcatalog; path = Assets.xcassets; sourceTree = "<group>"; };
		E7F3A5A726384EE600BCEC44 /* Base */ = {isa = PBXFileReference; lastKnownFileType = file.storyboard; name = Base; path = Base.lproj/LaunchScreen.storyboard; sourceTree = "<group>"; };
		E7F3A5A926384EE600BCEC44 /* Info.plist */ = {isa = PBXFileReference; lastKnownFileType = text.plist.xml; path = Info.plist; sourceTree = "<group>"; };
		E7F3A5B0263861A800BCEC44 /* ReadViewController.swift */ = {isa = PBXFileReference; lastKnownFileType = sourcecode.swift; path = ReadViewController.swift; sourceTree = "<group>"; };
/* End PBXFileReference section */

/* Begin PBXFrameworksBuildPhase section */
		E7F3A59526384EE500BCEC44 /* Frameworks */ = {
			isa = PBXFrameworksBuildPhase;
			buildActionMask = 2147483647;
			files = (
			);
			runOnlyForDeploymentPostprocessing = 0;
		};
/* End PBXFrameworksBuildPhase section */

/* Begin PBXGroup section */
		E7F3A58F26384EE500BCEC44 = {
			isa = PBXGroup;
			children = (
				E7F3A59A26384EE500BCEC44 /* Chapter02-InputForm */,
				E7F3A59926384EE500BCEC44 /* Products */,
			);
			sourceTree = "<group>";
		};
		E7F3A59926384EE500BCEC44 /* Products */ = {
			isa = PBXGroup;
			children = (
				E7F3A59826384EE500BCEC44 /* Chapter02-InputForm.app */,
			);
			name = Products;
			sourceTree = "<group>";
		};
		E7F3A59A26384EE500BCEC44 /* Chapter02-InputForm */ = {
			isa = PBXGroup;
			children = (
				E7D24218263915F100AF8559 /* SDMiSaeng.ttf */,
				E7F3A59B26384EE500BCEC44 /* AppDelegate.swift */,
				E7F3A59D26384EE500BCEC44 /* SceneDelegate.swift */,
				E7F3A59F26384EE500BCEC44 /* ViewController.swift */,
				E7F3A5B0263861A800BCEC44 /* ReadViewController.swift */,
				E7F3A5A126384EE500BCEC44 /* Main.storyboard */,
				E7F3A5A426384EE600BCEC44 /* Assets.xcassets */,
				E7F3A5A626384EE600BCEC44 /* LaunchScreen.storyboard */,
				E7F3A5A926384EE600BCEC44 /* Info.plist */,
			);
			path = "Chapter02-InputForm";
			sourceTree = "<group>";
		};
/* End PBXGroup section */

/* Begin PBXNativeTarget section */
		E7F3A59726384EE500BCEC44 /* Chapter02-InputForm */ = {
			isa = PBXNativeTarget;
			buildConfigurationList = E7F3A5AC26384EE600BCEC44 /* Build configuration list for PBXNativeTarget "Chapter02-InputForm" */;
			buildPhases = (
				E7F3A59426384EE500BCEC44 /* Sources */,
				E7F3A59526384EE500BCEC44 /* Frameworks */,
				E7F3A59626384EE500BCEC44 /* Resources */,
			);
			buildRules = (
			);
			dependencies = (
			);
			name = "Chapter02-InputForm";
			productName = "Chapter02-InputForm";
			productReference = E7F3A59826384EE500BCEC44 /* Chapter02-InputForm.app */;
			productType = "com.apple.product-type.application";
		};
/* End PBXNativeTarget section */

/* Begin PBXProject section */
		E7F3A59026384EE500BCEC44 /* Project object */ = {
			isa = PBXProject;
			attributes = {
				LastSwiftUpdateCheck = 1240;
				LastUpgradeCheck = 1240;
				TargetAttributes = {
					E7F3A59726384EE500BCEC44 = {
						CreatedOnToolsVersion = 12.4;
					};
				};
			};
			buildConfigurationList = E7F3A59326384EE500BCEC44 /* Build configuration list for PBXProject "Chapter02-InputForm" */;
			compatibilityVersion = "Xcode 9.3";
			developmentRegion = en;
			hasScannedForEncodings = 0;
			knownRegions = (
				en,
				Base,
			);
			mainGroup = E7F3A58F26384EE500BCEC44;
			productRefGroup = E7F3A59926384EE500BCEC44 /* Products */;
			projectDirPath = "";
			projectRoot = "";
			targets = (
				E7F3A59726384EE500BCEC44 /* Chapter02-InputForm */,
			);
		};
/* End PBXProject section */

/* Begin PBXResourcesBuildPhase section */
		E7F3A59626384EE500BCEC44 /* Resources */ = {
			isa = PBXResourcesBuildPhase;
			buildActionMask = 2147483647;
			files = (
				E7D24219263915F600AF8559 /* SDMiSaeng.ttf in Resources */,
				E7F3A5A826384EE600BCEC44 /* LaunchScreen.storyboard in Resources */,
				E7F3A5A526384EE600BCEC44 /* Assets.xcassets in Resources */,
				E7F3A5A326384EE500BCEC44 /* Main.storyboard in Resources */,
			);
			runOnlyForDeploymentPostprocessing = 0;
		};
/* End PBXResourcesBuildPhase section */

/* Begin PBXSourcesBuildPhase section */
		E7F3A59426384EE500BCEC44 /* Sources */ = {
			isa = PBXSourcesBuildPhase;
			buildActionMask = 2147483647;
			files = (
				E7F3A5A026384EE500BCEC44 /* ViewController.swift in Sources */,
				E7F3A59C26384EE500BCEC44 /* AppDelegate.swift in Sources */,
				E7F3A5B1263861A800BCEC44 /* ReadViewController.swift in Sources */,
				E7F3A59E26384EE500BCEC44 /* SceneDelegate.swift in Sources */,
			);
			runOnlyForDeploymentPostprocessing = 0;
		};
/* End PBXSourcesBuildPhase section */

/* Begin PBXVariantGroup section */
		E7F3A5A126384EE500BCEC44 /* Main.storyboard */ = {
			isa = PBXVariantGroup;
			children = (
				E7F3A5A226384EE500BCEC44 /* Base */,
			);
			name = Main.storyboard;
			sourceTree = "<group>";
		};
		E7F3A5A626384EE600BCEC44 /* LaunchScreen.storyboard */ = {
			isa = PBXVariantGroup;
			children = (
				E7F3A5A726384EE600BCEC44 /* Base */,
			);
			name = LaunchScreen.storyboard;
			sourceTree = "<group>";
		};
/* End PBXVariantGroup section */

/* Begin XCBuildConfiguration section */
		E7F3A5AA26384EE600BCEC44 /* Debug */ = {
			isa = XCBuildConfiguration;
			buildSettings = {
				ALWAYS_SEARCH_USER_PATHS = NO;
				CLANG_ANALYZER_NONNULL = YES;
				CLANG_ANALYZER_NUMBER_OBJECT_CONVERSION = YES_AGGRESSIVE;
				CLANG_CXX_LANGUAGE_STANDARD = "gnu++14";
				CLANG_CXX_LIBRARY = "libc++";
				CLANG_ENABLE_MODULES = YES;
				CLANG_ENABLE_OBJC_ARC = YES;
				CLANG_ENABLE_OBJC_WEAK = YES;
				CLANG_WARN_BLOCK_CAPTURE_AUTORELEASING = YES;
				CLANG_WARN_BOOL_CONVERSION = YES;
				CLANG_WARN_COMMA = YES;
				CLANG_WARN_CONSTANT_CONVERSION = YES;
				CLANG_WARN_DEPRECATED_OBJC_IMPLEMENTATIONS = YES;
				CLANG_WARN_DIRECT_OBJC_ISA_USAGE = YES_ERROR;
				CLANG_WARN_DOCUMENTATION_COMMENTS = YES;
				CLANG_WARN_EMPTY_BODY = YES;
				CLANG_WARN_ENUM_CONVERSION = YES;
				CLANG_WARN_INFINITE_RECURSION = YES;
				CLANG_WARN_INT_CONVERSION = YES;
				CLANG_WARN_NON_LITERAL_NULL_CONVERSION = YES;
				CLANG_WARN_OBJC_IMPLICIT_RETAIN_SELF = YES;
				CLANG_WARN_OBJC_LITERAL_CONVERSION = YES;
				CLANG_WARN_OBJC_ROOT_CLASS = YES_ERROR;
				CLANG_WARN_QUOTED_INCLUDE_IN_FRAMEWORK_HEADER = YES;
				CLANG_WARN_RANGE_LOOP_ANALYSIS = YES;
				CLANG_WARN_STRICT_PROTOTYPES = YES;
				CLANG_WARN_SUSPICIOUS_MOVE = YES;
				CLANG_WARN_UNGUARDED_AVAILABILITY = YES_AGGRESSIVE;
				CLANG_WARN_UNREACHABLE_CODE = YES;
				CLANG_WARN__DUPLICATE_METHOD_MATCH = YES;
				COPY_PHASE_STRIP = NO;
				DEBUG_INFORMATION_FORMAT = dwarf;
				ENABLE_STRICT_OBJC_MSGSEND = YES;
				ENABLE_TESTABILITY = YES;
				GCC_C_LANGUAGE_STANDARD = gnu11;
				GCC_DYNAMIC_NO_PIC = NO;
				GCC_NO_COMMON_BLOCKS = YES;
				GCC_OPTIMIZATION_LEVEL = 0;
				GCC_PREPROCESSOR_DEFINITIONS = (
					"DEBUG=1",
					"$(inherited)",
				);
				GCC_WARN_64_TO_32_BIT_CONVERSION = YES;
				GCC_WARN_ABOUT_RETURN_TYPE = YES_ERROR;
				GCC_WARN_UNDECLARED_SELECTOR = YES;
				GCC_WARN_UNINITIALIZED_AUTOS = YES_AGGRESSIVE;
				GCC_WARN_UNUSED_FUNCTION = YES;
				GCC_WARN_UNUSED_VARIABLE = YES;
				IPHONEOS_DEPLOYMENT_TARGET = 14.4;
				MTL_ENABLE_DEBUG_INFO = INCLUDE_SOURCE;
				MTL_FAST_MATH = YES;
				ONLY_ACTIVE_ARCH = YES;
				SDKROOT = iphoneos;
				SWIFT_ACTIVE_COMPILATION_CONDITIONS = DEBUG;
				SWIFT_OPTIMIZATION_LEVEL = "-Onone";
			};
			name = Debug;
		};
		E7F3A5AB26384EE600BCEC44 /* Release */ = {
			isa = XCBuildConfiguration;
			buildSettings = {
				ALWAYS_SEARCH_USER_PATHS = NO;
				CLANG_ANALYZER_NONNULL = YES;
				CLANG_ANALYZER_NUMBER_OBJECT_CONVERSION = YES_AGGRESSIVE;
				CLANG_CXX_LANGUAGE_STANDARD = "gnu++14";
				CLANG_CXX_LIBRARY = "libc++";
				CLANG_ENABLE_MODULES = YES;
				CLANG_ENABLE_OBJC_ARC = YES;
				CLANG_ENABLE_OBJC_WEAK = YES;
				CLANG_WARN_BLOCK_CAPTURE_AUTORELEASING = YES;
				CLANG_WARN_BOOL_CONVERSION = YES;
				CLANG_WARN_COMMA = YES;
				CLANG_WARN_CONSTANT_CONVERSION = YES;
				CLANG_WARN_DEPRECATED_OBJC_IMPLEMENTATIONS = YES;
				CLANG_WARN_DIRECT_OBJC_ISA_USAGE = YES_ERROR;
				CLANG_WARN_DOCUMENTATION_COMMENTS = YES;
				CLANG_WARN_EMPTY_BODY = YES;
				CLANG_WARN_ENUM_CONVERSION = YES;
				CLANG_WARN_INFINITE_RECURSION = YES;
				CLANG_WARN_INT_CONVERSION = YES;
				CLANG_WARN_NON_LITERAL_NULL_CONVERSION = YES;
				CLANG_WARN_OBJC_IMPLICIT_RETAIN_SELF = YES;
				CLANG_WARN_OBJC_LITERAL_CONVERSION = YES;
				CLANG_WARN_OBJC_ROOT_CLASS = YES_ERROR;
				CLANG_WARN_QUOTED_INCLUDE_IN_FRAMEWORK_HEADER = YES;
				CLANG_WARN_RANGE_LOOP_ANALYSIS = YES;
				CLANG_WARN_STRICT_PROTOTYPES = YES;
				CLANG_WARN_SUSPICIOUS_MOVE = YES;
				CLANG_WARN_UNGUARDED_AVAILABILITY = YES_AGGRESSIVE;
				CLANG_WARN_UNREACHABLE_CODE = YES;
				CLANG_WARN__DUPLICATE_METHOD_MATCH = YES;
				COPY_PHASE_STRIP = NO;
				DEBUG_INFORMATION_FORMAT = "dwarf-with-dsym";
				ENABLE_NS_ASSERTIONS = NO;
				ENABLE_STRICT_OBJC_MSGSEND = YES;
				GCC_C_LANGUAGE_STANDARD = gnu11;
				GCC_NO_COMMON_BLOCKS = YES;
				GCC_WARN_64_TO_32_BIT_CONVERSION = YES;
				GCC_WARN_ABOUT_RETURN_TYPE = YES_ERROR;
				GCC_WARN_UNDECLARED_SELECTOR = YES;
				GCC_WARN_UNINITIALIZED_AUTOS = YES_AGGRESSIVE;
				GCC_WARN_UNUSED_FUNCTION = YES;
				GCC_WARN_UNUSED_VARIABLE = YES;
				IPHONEOS_DEPLOYMENT_TARGET = 14.4;
				MTL_ENABLE_DEBUG_INFO = NO;
				MTL_FAST_MATH = YES;
				SDKROOT = iphoneos;
				SWIFT_COMPILATION_MODE = wholemodule;
				SWIFT_OPTIMIZATION_LEVEL = "-O";
				VALIDATE_PRODUCT = YES;
			};
			name = Release;
		};
		E7F3A5AD26384EE600BCEC44 /* Debug */ = {
			isa = XCBuildConfiguration;
			buildSettings = {
				ASSETCATALOG_COMPILER_APPICON_NAME = AppIcon;
				ASSETCATALOG_COMPILER_GLOBAL_ACCENT_COLOR_NAME = AccentColor;
				CODE_SIGN_STYLE = Automatic;
				DEVELOPMENT_TEAM = 4TTJDQ6P4J;
				INFOPLIST_FILE = "Chapter02-InputForm/Info.plist";
				LD_RUNPATH_SEARCH_PATHS = (
					"$(inherited)",
					"@executable_path/Frameworks",
				);
				PRODUCT_BUNDLE_IDENTIFIER = "com.justin.Chapter02-InputForm";
				PRODUCT_NAME = "$(TARGET_NAME)";
				SWIFT_VERSION = 5.0;
				TARGETED_DEVICE_FAMILY = "1,2";
			};
			name = Debug;
		};
		E7F3A5AE26384EE600BCEC44 /* Release */ = {
			isa = XCBuildConfiguration;
			buildSettings = {
				ASSETCATALOG_COMPILER_APPICON_NAME = AppIcon;
				ASSETCATALOG_COMPILER_GLOBAL_ACCENT_COLOR_NAME = AccentColor;
				CODE_SIGN_STYLE = Automatic;
				DEVELOPMENT_TEAM = 4TTJDQ6P4J;
				INFOPLIST_FILE = "Chapter02-InputForm/Info.plist";
				LD_RUNPATH_SEARCH_PATHS = (
					"$(inherited)",
					"@executable_path/Frameworks",
				);
				PRODUCT_BUNDLE_IDENTIFIER = "com.justin.Chapter02-InputForm";
				PRODUCT_NAME = "$(TARGET_NAME)";
				SWIFT_VERSION = 5.0;
				TARGETED_DEVICE_FAMILY = "1,2";
			};
			name = Release;
		};
/* End XCBuildConfiguration section */

/* Begin XCConfigurationList section */
		E7F3A59326384EE500BCEC44 /* Build configuration list for PBXProject "Chapter02-InputForm" */ = {
			isa = XCConfigurationList;
			buildConfigurations = (
				E7F3A5AA26384EE600BCEC44 /* Debug */,
				E7F3A5AB26384EE600BCEC44 /* Release */,
			);
			defaultConfigurationIsVisible = 0;
			defaultConfigurationName = Release;
		};
		E7F3A5AC26384EE600BCEC44 /* Build configuration list for PBXNativeTarget "Chapter02-InputForm" */ = {
			isa = XCConfigurationList;
			buildConfigurations = (
				E7F3A5AD26384EE600BCEC44 /* Debug */,
				E7F3A5AE26384EE600BCEC44 /* Release */,
			);
			defaultConfigurationIsVisible = 0;
			defaultConfigurationName = Release;
		};
/* End XCConfigurationList section */
	};
	rootObject = E7F3A59026384EE500BCEC44 /* Project object */;
}
